
Microsoft Visual Studio Solution File, Format Version 12.00
# Visual Studio Version 16
VisualStudioVersion = 16.0.31424.327
MinimumVisualStudioVersion = 10.0.40219.1
Project("{FAE04EC0-301F-11D3-BF4B-00C04F79EFBC}") = "MS.Clientes.WEB", "MS.Clientes.WEB\MS.Clientes.WEB.csproj", "{9E315FFD-A992-4B8D-80ED-063F9466C595}"
EndProject
Project("{2150E333-8FDC-42A3-9474-1A3956D46DE8}") = "01 - Entidad", "01 - Entidad", "{4B9A888D-9001-4385-BF6C-19305FFFA817}"
EndProject
Project("{2150E333-8FDC-42A3-9474-1A3956D46DE8}") = "02 - Datos", "02 - Datos", "{C6B8FE40-F9F3-469F-AE25-D36D65A66AD4}"
EndProject
Project("{2150E333-8FDC-42A3-9474-1A3956D46DE8}") = "03 - Negocio", "03 - Negocio", "{9CD8D664-12BE-4FE6-BC8A-17D7D2BE5857}"
EndProject
Project("{2150E333-8FDC-42A3-9474-1A3956D46DE8}") = "04 - Presentacion", "04 - Presentacion", "{B5E94637-E461-4D2F-9E59-D4081E8B64FA}"
EndProject
Project("{2150E333-8FDC-42A3-9474-1A3956D46DE8}") = "01. WEB", "01. WEB", "{B653EFBA-89B7-4B75-9521-F7CE049459BD}"
EndProject
Project("{2150E333-8FDC-42A3-9474-1A3956D46DE8}") = "02. API", "02. API", "{F14E35AD-9A22-4A19-9549-6A585686A882}"
EndProject
Project("{FAE04EC0-301F-11D3-BF4B-00C04F79EFBC}") = "MS.Commerce.Entidad", "Entidad\MS.Commerce.Entidad.csproj", "{FFC69704-4CA8-4EE4-95DB-D8413046E748}"
EndProject
Project("{FAE04EC0-301F-11D3-BF4B-00C04F79EFBC}") = "MS.Commerce.Datos", "Datos\MS.Commerce.Datos.csproj", "{1574AE05-FE91-4C19-BB33-E8CFD33CEFCE}"
EndProject
Project("{FAE04EC0-301F-11D3-BF4B-00C04F79EFBC}") = "MS.Commerce.Negocio", "MS.Commerce.Negocio\MS.Commerce.Negocio.csproj", "{EE745A52-E798-4557-90B8-0053E9EFE57E}"
EndProject
Project("{FAE04EC0-301F-11D3-BF4B-00C04F79EFBC}") = "MS.Clientes.API", "MS.Clientes.API\MS.Clientes.API.csproj", "{C2D1AE00-1996-4E9A-8EF8-B1FE0F6388EA}"
EndProject
Global
	GlobalSection(SolutionConfigurationPlatforms) = preSolution
		Debug|Any CPU = Debug|Any CPU
		Release|Any CPU = Release|Any CPU
	EndGlobalSection
	GlobalSection(ProjectConfigurationPlatforms) = postSolution
		{9E315FFD-A992-4B8D-80ED-063F9466C595}.Debug|Any CPU.ActiveCfg = Debug|Any CPU
		{9E315FFD-A992-4B8D-80ED-063F9466C595}.Debug|Any CPU.Build.0 = Debug|Any CPU
		{9E315FFD-A992-4B8D-80ED-063F9466C595}.Release|Any CPU.ActiveCfg = Release|Any CPU
		{9E315FFD-A992-4B8D-80ED-063F9466C595}.Release|Any CPU.Build.0 = Release|Any CPU
		{FFC69704-4CA8-4EE4-95DB-D8413046E748}.Debug|Any CPU.ActiveCfg = Debug|Any CPU
		{FFC69704-4CA8-4EE4-95DB-D8413046E748}.Debug|Any CPU.Build.0 = Debug|Any CPU
		{FFC69704-4CA8-4EE4-95DB-D8413046E748}.Release|Any CPU.ActiveCfg = Release|Any CPU
		{FFC69704-4CA8-4EE4-95DB-D8413046E748}.Release|Any CPU.Build.0 = Release|Any CPU
		{1574AE05-FE91-4C19-BB33-E8CFD33CEFCE}.Debug|Any CPU.ActiveCfg = Debug|Any CPU
		{1574AE05-FE91-4C19-BB33-E8CFD33CEFCE}.Debug|Any CPU.Build.0 = Debug|Any CPU
		{1574AE05-FE91-4C19-BB33-E8CFD33CEFCE}.Release|Any CPU.ActiveCfg = Release|Any CPU
		{1574AE05-FE91-4C19-BB33-E8CFD33CEFCE}.Release|Any CPU.Build.0 = Release|Any CPU
		{EE745A52-E798-4557-90B8-0053E9EFE57E}.Debug|Any CPU.ActiveCfg = Debug|Any CPU
		{EE745A52-E798-4557-90B8-0053E9EFE57E}.Debug|Any CPU.Build.0 = Debug|Any CPU
		{EE745A52-E798-4557-90B8-0053E9EFE57E}.Release|Any CPU.ActiveCfg = Release|Any CPU
		{EE745A52-E798-4557-90B8-0053E9EFE57E}.Release|Any CPU.Build.0 = Release|Any CPU
		{C2D1AE00-1996-4E9A-8EF8-B1FE0F6388EA}.Debug|Any CPU.ActiveCfg = Debug|Any CPU
		{C2D1AE00-1996-4E9A-8EF8-B1FE0F6388EA}.Debug|Any CPU.Build.0 = Debug|Any CPU
		{C2D1AE00-1996-4E9A-8EF8-B1FE0F6388EA}.Release|Any CPU.ActiveCfg = Release|Any CPU
		{C2D1AE00-1996-4E9A-8EF8-B1FE0F6388EA}.Release|Any CPU.Build.0 = Release|Any CPU
	EndGlobalSection
	GlobalSection(SolutionProperties) = preSolution
		HideSolutionNode = FALSE
	EndGlobalSection
	GlobalSection(NestedProjects) = preSolution
		{9E315FFD-A992-4B8D-80ED-063F9466C595} = {B653EFBA-89B7-4B75-9521-F7CE049459BD}
		{B653EFBA-89B7-4B75-9521-F7CE049459BD} = {B5E94637-E461-4D2F-9E59-D4081E8B64FA}
		{F14E35AD-9A22-4A19-9549-6A585686A882} = {B5E94637-E461-4D2F-9E59-D4081E8B64FA}
		{FFC69704-4CA8-4EE4-95DB-D8413046E748} = {4B9A888D-9001-4385-BF6C-19305FFFA817}
		{1574AE05-FE91-4C19-BB33-E8CFD33CEFCE} = {C6B8FE40-F9F3-469F-AE25-D36D65A66AD4}
		{EE745A52-E798-4557-90B8-0053E9EFE57E} = {9CD8D664-12BE-4FE6-BC8A-17D7D2BE5857}
		{C2D1AE00-1996-4E9A-8EF8-B1FE0F6388EA} = {F14E35AD-9A22-4A19-9549-6A585686A882}
	EndGlobalSection
	GlobalSection(ExtensibilityGlobals) = postSolution
		SolutionGuid = {E7B5DC12-5D24-4CBE-9DD3-C3A06BE91E80}
	EndGlobalSection
EndGlobal
